<?xml version="1.0" encoding="UTF-8" standalone="yes" ?>
<CodeBlocks_project_file>
	<FileVersion major="1" minor="6" />
	<Project>
		<Option title="CryptoCurrency" />
		<Option pch_mode="2" />
		<Option compiler="gcc" />
		<Build>
			<Target title="Debug-Win">
				<Option output="bin/Debug/CryptoCurrency" prefix_auto="1" extension_auto="1" />
				<Option object_output="obj/Debug/" />
				<Option type="1" />
				<Option compiler="gcc" />
				<Compiler>
					<Add option="-g" />
				</Compiler>
				<Linker>
					<Add library="../cryptokernel/bin/Debug/libCryptoKernel.a" />
				</Linker>
			</Target>
			<Target title="Release-Win">
				<Option output="bin/Release/CryptoCurrency" prefix_auto="1" extension_auto="1" />
				<Option object_output="obj/Release/" />
				<Option type="1" />
				<Option compiler="gcc" />
				<Compiler>
					<Add option="-O2" />
				</Compiler>
				<Linker>
					<Add option="-s" />
					<Add library="../cryptokernel/bin/Debug/libCryptoKernel.a" />
				</Linker>
			</Target>
			<Target title="Debug-Unix">
				<Option output="bin/Debug/CryptoCurrency" prefix_auto="1" extension_auto="1" />
				<Option object_output="obj/Debug/" />
				<Option type="1" />
				<Option compiler="gcc" />
				<Compiler>
					<Add option="-g" />
				</Compiler>
				<Linker>
					<Add option="-lCryptoKernel" />
					<Add option="-ljsoncpp" />
					<Add option="-pthread" />
					<Add option="-lcrypto" />
					<Add option="-lenet" />
					<Add option="-lleveldb" />
				</Linker>
			</Target>
			<Target title="Release-Unix">
				<Option output="bin/Release/CryptoCurrency" prefix_auto="1" extension_auto="1" />
				<Option object_output="obj/Release/" />
				<Option type="1" />
				<Option compiler="gcc" />
				<Compiler>
					<Add option="-O2" />
				</Compiler>
				<Linker>
					<Add option="-s" />
					<Add library="../CryptoKernel/bin/Debug/libCryptoKernel.so" />
				</Linker>
			</Target>
		</Build>
		<Compiler>
			<Add option="-Wall" />
			<Add option="-std=c++14" />
			<Add directory="../../James" />
		</Compiler>
		<Unit filename="protocol.cpp" />
		<Unit filename="protocol.h" />
		<Unit filename="wallet.cpp" />
		<Unit filename="wallet.h" />
		<Extensions>
			<code_completion />
			<envvars />
			<debugger />
		</Extensions>
	</Project>
</CodeBlocks_project_file>
